
Microsoft Visual Studio Solution File, Format Version 10.00
# Visual Studio 2008
Project("{8BC9CEB8-8B4A-11D0-8D11-00A0C91BC942}") = "SetupDll_zip2", "SetupDll_zip2.vcproj", "{46DA35A2-5952-4D31-AF7C-199101E187D0}"
EndProject
Project("{8BC9CEB8-8B4A-11D0-8D11-00A0C91BC942}") = "TestUnzip", "TestUnzip\TestUnzip.vcproj", "{AF7A0032-1814-438E-854F-88CB558129B7}"
EndProject
Global
	GlobalSection(SolutionConfigurationPlatforms) = preSolution
		Debug|Honeywell D6X00 (ARMV4I) = Debug|Honeywell D6X00 (ARMV4I)
		Debug|Motorola MC3100c60 Windows CE6.0 PSDK (ARMV4I) = Debug|Motorola MC3100c60 Windows CE6.0 PSDK (ARMV4I)
		Debug|MX9 (ARMV4I) = Debug|MX9 (ARMV4I)
		Debug|Pocket PC 2003 (ARMV4) = Debug|Pocket PC 2003 (ARMV4)
		Debug|SDK for D6x10CE (ARMV4I) = Debug|SDK for D6x10CE (ARMV4I)
		Debug|Smartphone 2003 (ARMV4) = Debug|Smartphone 2003 (ARMV4)
		Debug|STANDARDSDK_500 (ARMV4I) = Debug|STANDARDSDK_500 (ARMV4I)
		Debug|Windows Mobile 5.0 Pocket PC SDK (ARMV4I) = Debug|Windows Mobile 5.0 Pocket PC SDK (ARMV4I)
		Debug|Windows Mobile 5.0 Smartphone SDK (ARMV4I) = Debug|Windows Mobile 5.0 Smartphone SDK (ARMV4I)
		Debug|Windows Mobile 6 Professional SDK (ARMV4I) = Debug|Windows Mobile 6 Professional SDK (ARMV4I)
		Debug|Windows Mobile 6.5.3 Professional DTK (ARMV4I) = Debug|Windows Mobile 6.5.3 Professional DTK (ARMV4I)
		Release|Honeywell D6X00 (ARMV4I) = Release|Honeywell D6X00 (ARMV4I)
		Release|Motorola MC3100c60 Windows CE6.0 PSDK (ARMV4I) = Release|Motorola MC3100c60 Windows CE6.0 PSDK (ARMV4I)
		Release|MX9 (ARMV4I) = Release|MX9 (ARMV4I)
		Release|Pocket PC 2003 (ARMV4) = Release|Pocket PC 2003 (ARMV4)
		Release|SDK for D6x10CE (ARMV4I) = Release|SDK for D6x10CE (ARMV4I)
		Release|Smartphone 2003 (ARMV4) = Release|Smartphone 2003 (ARMV4)
		Release|STANDARDSDK_500 (ARMV4I) = Release|STANDARDSDK_500 (ARMV4I)
		Release|Windows Mobile 5.0 Pocket PC SDK (ARMV4I) = Release|Windows Mobile 5.0 Pocket PC SDK (ARMV4I)
		Release|Windows Mobile 5.0 Smartphone SDK (ARMV4I) = Release|Windows Mobile 5.0 Smartphone SDK (ARMV4I)
		Release|Windows Mobile 6 Professional SDK (ARMV4I) = Release|Windows Mobile 6 Professional SDK (ARMV4I)
		Release|Windows Mobile 6.5.3 Professional DTK (ARMV4I) = Release|Windows Mobile 6.5.3 Professional DTK (ARMV4I)
	EndGlobalSection
	GlobalSection(ProjectConfigurationPlatforms) = postSolution
		{46DA35A2-5952-4D31-AF7C-199101E187D0}.Debug|Honeywell D6X00 (ARMV4I).ActiveCfg = Debug|Honeywell D6X00 (ARMV4I)
		{46DA35A2-5952-4D31-AF7C-199101E187D0}.Debug|Honeywell D6X00 (ARMV4I).Build.0 = Debug|Honeywell D6X00 (ARMV4I)
		{46DA35A2-5952-4D31-AF7C-199101E187D0}.Debug|Honeywell D6X00 (ARMV4I).Deploy.0 = Debug|Honeywell D6X00 (ARMV4I)
		{46DA35A2-5952-4D31-AF7C-199101E187D0}.Debug|Motorola MC3100c60 Windows CE6.0 PSDK (ARMV4I).ActiveCfg = Debug|Motorola MC3100c60 Windows CE6.0 PSDK (ARMV4I)
		{46DA35A2-5952-4D31-AF7C-199101E187D0}.Debug|Motorola MC3100c60 Windows CE6.0 PSDK (ARMV4I).Build.0 = Debug|Motorola MC3100c60 Windows CE6.0 PSDK (ARMV4I)
		{46DA35A2-5952-4D31-AF7C-199101E187D0}.Debug|Motorola MC3100c60 Windows CE6.0 PSDK (ARMV4I).Deploy.0 = Debug|Motorola MC3100c60 Windows CE6.0 PSDK (ARMV4I)
		{46DA35A2-5952-4D31-AF7C-199101E187D0}.Debug|MX9 (ARMV4I).ActiveCfg = Debug|MX9 (ARMV4I)
		{46DA35A2-5952-4D31-AF7C-199101E187D0}.Debug|MX9 (ARMV4I).Build.0 = Debug|MX9 (ARMV4I)
		{46DA35A2-5952-4D31-AF7C-199101E187D0}.Debug|MX9 (ARMV4I).Deploy.0 = Debug|MX9 (ARMV4I)
		{46DA35A2-5952-4D31-AF7C-199101E187D0}.Debug|Pocket PC 2003 (ARMV4).ActiveCfg = Debug|Pocket PC 2003 (ARMV4)
		{46DA35A2-5952-4D31-AF7C-199101E187D0}.Debug|Pocket PC 2003 (ARMV4).Build.0 = Debug|Pocket PC 2003 (ARMV4)
		{46DA35A2-5952-4D31-AF7C-199101E187D0}.Debug|Pocket PC 2003 (ARMV4).Deploy.0 = Debug|Pocket PC 2003 (ARMV4)
		{46DA35A2-5952-4D31-AF7C-199101E187D0}.Debug|SDK for D6x10CE (ARMV4I).ActiveCfg = Debug|SDK for D6x10CE (ARMV4I)
		{46DA35A2-5952-4D31-AF7C-199101E187D0}.Debug|SDK for D6x10CE (ARMV4I).Build.0 = Debug|SDK for D6x10CE (ARMV4I)
		{46DA35A2-5952-4D31-AF7C-199101E187D0}.Debug|SDK for D6x10CE (ARMV4I).Deploy.0 = Debug|SDK for D6x10CE (ARMV4I)
		{46DA35A2-5952-4D31-AF7C-199101E187D0}.Debug|Smartphone 2003 (ARMV4).ActiveCfg = Debug|Smartphone 2003 (ARMV4)
		{46DA35A2-5952-4D31-AF7C-199101E187D0}.Debug|Smartphone 2003 (ARMV4).Build.0 = Debug|Smartphone 2003 (ARMV4)
		{46DA35A2-5952-4D31-AF7C-199101E187D0}.Debug|Smartphone 2003 (ARMV4).Deploy.0 = Debug|Smartphone 2003 (ARMV4)
		{46DA35A2-5952-4D31-AF7C-199101E187D0}.Debug|STANDARDSDK_500 (ARMV4I).ActiveCfg = Debug|STANDARDSDK_500 (ARMV4I)
		{46DA35A2-5952-4D31-AF7C-199101E187D0}.Debug|STANDARDSDK_500 (ARMV4I).Build.0 = Debug|STANDARDSDK_500 (ARMV4I)
		{46DA35A2-5952-4D31-AF7C-199101E187D0}.Debug|STANDARDSDK_500 (ARMV4I).Deploy.0 = Debug|STANDARDSDK_500 (ARMV4I)
		{46DA35A2-5952-4D31-AF7C-199101E187D0}.Debug|Windows Mobile 5.0 Pocket PC SDK (ARMV4I).ActiveCfg = Debug|Windows Mobile 5.0 Pocket PC SDK (ARMV4I)
		{46DA35A2-5952-4D31-AF7C-199101E187D0}.Debug|Windows Mobile 5.0 Pocket PC SDK (ARMV4I).Build.0 = Debug|Windows Mobile 5.0 Pocket PC SDK (ARMV4I)
		{46DA35A2-5952-4D31-AF7C-199101E187D0}.Debug|Windows Mobile 5.0 Pocket PC SDK (ARMV4I).Deploy.0 = Debug|Windows Mobile 5.0 Pocket PC SDK (ARMV4I)
		{46DA35A2-5952-4D31-AF7C-199101E187D0}.Debug|Windows Mobile 5.0 Smartphone SDK (ARMV4I).ActiveCfg = Debug|Windows Mobile 5.0 Smartphone SDK (ARMV4I)
		{46DA35A2-5952-4D31-AF7C-199101E187D0}.Debug|Windows Mobile 5.0 Smartphone SDK (ARMV4I).Build.0 = Debug|Windows Mobile 5.0 Smartphone SDK (ARMV4I)
		{46DA35A2-5952-4D31-AF7C-199101E187D0}.Debug|Windows Mobile 5.0 Smartphone SDK (ARMV4I).Deploy.0 = Debug|Windows Mobile 5.0 Smartphone SDK (ARMV4I)
		{46DA35A2-5952-4D31-AF7C-199101E187D0}.Debug|Windows Mobile 6 Professional SDK (ARMV4I).ActiveCfg = Debug|Windows Mobile 6 Professional SDK (ARMV4I)
		{46DA35A2-5952-4D31-AF7C-199101E187D0}.Debug|Windows Mobile 6 Professional SDK (ARMV4I).Build.0 = Debug|Windows Mobile 6 Professional SDK (ARMV4I)
		{46DA35A2-5952-4D31-AF7C-199101E187D0}.Debug|Windows Mobile 6 Professional SDK (ARMV4I).Deploy.0 = Debug|Windows Mobile 6 Professional SDK (ARMV4I)
		{46DA35A2-5952-4D31-AF7C-199101E187D0}.Debug|Windows Mobile 6.5.3 Professional DTK (ARMV4I).ActiveCfg = Debug|Windows Mobile 6.5.3 Professional DTK (ARMV4I)
		{46DA35A2-5952-4D31-AF7C-199101E187D0}.Debug|Windows Mobile 6.5.3 Professional DTK (ARMV4I).Build.0 = Debug|Windows Mobile 6.5.3 Professional DTK (ARMV4I)
		{46DA35A2-5952-4D31-AF7C-199101E187D0}.Debug|Windows Mobile 6.5.3 Professional DTK (ARMV4I).Deploy.0 = Debug|Windows Mobile 6.5.3 Professional DTK (ARMV4I)
		{46DA35A2-5952-4D31-AF7C-199101E187D0}.Release|Honeywell D6X00 (ARMV4I).ActiveCfg = Release|Honeywell D6X00 (ARMV4I)
		{46DA35A2-5952-4D31-AF7C-199101E187D0}.Release|Honeywell D6X00 (ARMV4I).Build.0 = Release|Honeywell D6X00 (ARMV4I)
		{46DA35A2-5952-4D31-AF7C-199101E187D0}.Release|Honeywell D6X00 (ARMV4I).Deploy.0 = Release|Honeywell D6X00 (ARMV4I)
		{46DA35A2-5952-4D31-AF7C-199101E187D0}.Release|Motorola MC3100c60 Windows CE6.0 PSDK (ARMV4I).ActiveCfg = Release|Motorola MC3100c60 Windows CE6.0 PSDK (ARMV4I)
		{46DA35A2-5952-4D31-AF7C-199101E187D0}.Release|Motorola MC3100c60 Windows CE6.0 PSDK (ARMV4I).Build.0 = Release|Motorola MC3100c60 Windows CE6.0 PSDK (ARMV4I)
		{46DA35A2-5952-4D31-AF7C-199101E187D0}.Release|Motorola MC3100c60 Windows CE6.0 PSDK (ARMV4I).Deploy.0 = Release|Motorola MC3100c60 Windows CE6.0 PSDK (ARMV4I)
		{46DA35A2-5952-4D31-AF7C-199101E187D0}.Release|MX9 (ARMV4I).ActiveCfg = Release|MX9 (ARMV4I)
		{46DA35A2-5952-4D31-AF7C-199101E187D0}.Release|MX9 (ARMV4I).Build.0 = Release|MX9 (ARMV4I)
		{46DA35A2-5952-4D31-AF7C-199101E187D0}.Release|MX9 (ARMV4I).Deploy.0 = Release|MX9 (ARMV4I)
		{46DA35A2-5952-4D31-AF7C-199101E187D0}.Release|Pocket PC 2003 (ARMV4).ActiveCfg = Release|Pocket PC 2003 (ARMV4)
		{46DA35A2-5952-4D31-AF7C-199101E187D0}.Release|Pocket PC 2003 (ARMV4).Build.0 = Release|Pocket PC 2003 (ARMV4)
		{46DA35A2-5952-4D31-AF7C-199101E187D0}.Release|Pocket PC 2003 (ARMV4).Deploy.0 = Release|Pocket PC 2003 (ARMV4)
		{46DA35A2-5952-4D31-AF7C-199101E187D0}.Release|SDK for D6x10CE (ARMV4I).ActiveCfg = Release|SDK for D6x10CE (ARMV4I)
		{46DA35A2-5952-4D31-AF7C-199101E187D0}.Release|SDK for D6x10CE (ARMV4I).Build.0 = Release|SDK for D6x10CE (ARMV4I)
		{46DA35A2-5952-4D31-AF7C-199101E187D0}.Release|SDK for D6x10CE (ARMV4I).Deploy.0 = Release|SDK for D6x10CE (ARMV4I)
		{46DA35A2-5952-4D31-AF7C-199101E187D0}.Release|Smartphone 2003 (ARMV4).ActiveCfg = Release|Smartphone 2003 (ARMV4)
		{46DA35A2-5952-4D31-AF7C-199101E187D0}.Release|Smartphone 2003 (ARMV4).Build.0 = Release|Smartphone 2003 (ARMV4)
		{46DA35A2-5952-4D31-AF7C-199101E187D0}.Release|Smartphone 2003 (ARMV4).Deploy.0 = Release|Smartphone 2003 (ARMV4)
		{46DA35A2-5952-4D31-AF7C-199101E187D0}.Release|STANDARDSDK_500 (ARMV4I).ActiveCfg = Release|STANDARDSDK_500 (ARMV4I)
		{46DA35A2-5952-4D31-AF7C-199101E187D0}.Release|STANDARDSDK_500 (ARMV4I).Build.0 = Release|STANDARDSDK_500 (ARMV4I)
		{46DA35A2-5952-4D31-AF7C-199101E187D0}.Release|STANDARDSDK_500 (ARMV4I).Deploy.0 = Release|STANDARDSDK_500 (ARMV4I)
		{46DA35A2-5952-4D31-AF7C-199101E187D0}.Release|Windows Mobile 5.0 Pocket PC SDK (ARMV4I).ActiveCfg = Release|Windows Mobile 5.0 Pocket PC SDK (ARMV4I)
		{46DA35A2-5952-4D31-AF7C-199101E187D0}.Release|Windows Mobile 5.0 Pocket PC SDK (ARMV4I).Build.0 = Release|Windows Mobile 5.0 Pocket PC SDK (ARMV4I)
		{46DA35A2-5952-4D31-AF7C-199101E187D0}.Release|Windows Mobile 5.0 Pocket PC SDK (ARMV4I).Deploy.0 = Release|Windows Mobile 5.0 Pocket PC SDK (ARMV4I)
		{46DA35A2-5952-4D31-AF7C-199101E187D0}.Release|Windows Mobile 5.0 Smartphone SDK (ARMV4I).ActiveCfg = Release|Windows Mobile 5.0 Smartphone SDK (ARMV4I)
		{46DA35A2-5952-4D31-AF7C-199101E187D0}.Release|Windows Mobile 5.0 Smartphone SDK (ARMV4I).Build.0 = Release|Windows Mobile 5.0 Smartphone SDK (ARMV4I)
		{46DA35A2-5952-4D31-AF7C-199101E187D0}.Release|Windows Mobile 5.0 Smartphone SDK (ARMV4I).Deploy.0 = Release|Windows Mobile 5.0 Smartphone SDK (ARMV4I)
		{46DA35A2-5952-4D31-AF7C-199101E187D0}.Release|Windows Mobile 6 Professional SDK (ARMV4I).ActiveCfg = Release|Windows Mobile 6 Professional SDK (ARMV4I)
		{46DA35A2-5952-4D31-AF7C-199101E187D0}.Release|Windows Mobile 6 Professional SDK (ARMV4I).Build.0 = Release|Windows Mobile 6 Professional SDK (ARMV4I)
		{46DA35A2-5952-4D31-AF7C-199101E187D0}.Release|Windows Mobile 6 Professional SDK (ARMV4I).Deploy.0 = Release|Windows Mobile 6 Professional SDK (ARMV4I)
		{46DA35A2-5952-4D31-AF7C-199101E187D0}.Release|Windows Mobile 6.5.3 Professional DTK (ARMV4I).ActiveCfg = Release|Windows Mobile 6.5.3 Professional DTK (ARMV4I)
		{46DA35A2-5952-4D31-AF7C-199101E187D0}.Release|Windows Mobile 6.5.3 Professional DTK (ARMV4I).Build.0 = Release|Windows Mobile 6.5.3 Professional DTK (ARMV4I)
		{46DA35A2-5952-4D31-AF7C-199101E187D0}.Release|Windows Mobile 6.5.3 Professional DTK (ARMV4I).Deploy.0 = Release|Windows Mobile 6.5.3 Professional DTK (ARMV4I)
		{AF7A0032-1814-438E-854F-88CB558129B7}.Debug|Honeywell D6X00 (ARMV4I).ActiveCfg = Debug|Honeywell D6X00 (ARMV4I)
		{AF7A0032-1814-438E-854F-88CB558129B7}.Debug|Honeywell D6X00 (ARMV4I).Build.0 = Debug|Honeywell D6X00 (ARMV4I)
		{AF7A0032-1814-438E-854F-88CB558129B7}.Debug|Honeywell D6X00 (ARMV4I).Deploy.0 = Debug|Honeywell D6X00 (ARMV4I)
		{AF7A0032-1814-438E-854F-88CB558129B7}.Debug|Motorola MC3100c60 Windows CE6.0 PSDK (ARMV4I).ActiveCfg = Debug|Motorola MC3100c60 Windows CE6.0 PSDK (ARMV4I)
		{AF7A0032-1814-438E-854F-88CB558129B7}.Debug|Motorola MC3100c60 Windows CE6.0 PSDK (ARMV4I).Build.0 = Debug|Motorola MC3100c60 Windows CE6.0 PSDK (ARMV4I)
		{AF7A0032-1814-438E-854F-88CB558129B7}.Debug|Motorola MC3100c60 Windows CE6.0 PSDK (ARMV4I).Deploy.0 = Debug|Motorola MC3100c60 Windows CE6.0 PSDK (ARMV4I)
		{AF7A0032-1814-438E-854F-88CB558129B7}.Debug|MX9 (ARMV4I).ActiveCfg = Debug|MX9 (ARMV4I)
		{AF7A0032-1814-438E-854F-88CB558129B7}.Debug|MX9 (ARMV4I).Build.0 = Debug|MX9 (ARMV4I)
		{AF7A0032-1814-438E-854F-88CB558129B7}.Debug|MX9 (ARMV4I).Deploy.0 = Debug|MX9 (ARMV4I)
		{AF7A0032-1814-438E-854F-88CB558129B7}.Debug|Pocket PC 2003 (ARMV4).ActiveCfg = Debug|Windows Mobile 5.0 Smartphone SDK (ARMV4I)
		{AF7A0032-1814-438E-854F-88CB558129B7}.Debug|SDK for D6x10CE (ARMV4I).ActiveCfg = Debug|SDK for D6x10CE (ARMV4I)
		{AF7A0032-1814-438E-854F-88CB558129B7}.Debug|SDK for D6x10CE (ARMV4I).Build.0 = Debug|SDK for D6x10CE (ARMV4I)
		{AF7A0032-1814-438E-854F-88CB558129B7}.Debug|SDK for D6x10CE (ARMV4I).Deploy.0 = Debug|SDK for D6x10CE (ARMV4I)
		{AF7A0032-1814-438E-854F-88CB558129B7}.Debug|Smartphone 2003 (ARMV4).ActiveCfg = Debug|SDK for D6x10CE (ARMV4I)
		{AF7A0032-1814-438E-854F-88CB558129B7}.Debug|STANDARDSDK_500 (ARMV4I).ActiveCfg = Debug|STANDARDSDK_500 (ARMV4I)
		{AF7A0032-1814-438E-854F-88CB558129B7}.Debug|STANDARDSDK_500 (ARMV4I).Build.0 = Debug|STANDARDSDK_500 (ARMV4I)
		{AF7A0032-1814-438E-854F-88CB558129B7}.Debug|STANDARDSDK_500 (ARMV4I).Deploy.0 = Debug|STANDARDSDK_500 (ARMV4I)
		{AF7A0032-1814-438E-854F-88CB558129B7}.Debug|Windows Mobile 5.0 Pocket PC SDK (ARMV4I).ActiveCfg = Debug|Windows Mobile 5.0 Pocket PC SDK (ARMV4I)
		{AF7A0032-1814-438E-854F-88CB558129B7}.Debug|Windows Mobile 5.0 Pocket PC SDK (ARMV4I).Build.0 = Debug|Windows Mobile 5.0 Pocket PC SDK (ARMV4I)
		{AF7A0032-1814-438E-854F-88CB558129B7}.Debug|Windows Mobile 5.0 Pocket PC SDK (ARMV4I).Deploy.0 = Debug|Windows Mobile 5.0 Pocket PC SDK (ARMV4I)
		{AF7A0032-1814-438E-854F-88CB558129B7}.Debug|Windows Mobile 5.0 Smartphone SDK (ARMV4I).ActiveCfg = Debug|Windows Mobile 5.0 Smartphone SDK (ARMV4I)
		{AF7A0032-1814-438E-854F-88CB558129B7}.Debug|Windows Mobile 5.0 Smartphone SDK (ARMV4I).Build.0 = Debug|Windows Mobile 5.0 Smartphone SDK (ARMV4I)
		{AF7A0032-1814-438E-854F-88CB558129B7}.Debug|Windows Mobile 5.0 Smartphone SDK (ARMV4I).Deploy.0 = Debug|Windows Mobile 5.0 Smartphone SDK (ARMV4I)
		{AF7A0032-1814-438E-854F-88CB558129B7}.Debug|Windows Mobile 6 Professional SDK (ARMV4I).ActiveCfg = Debug|Windows Mobile 6 Professional SDK (ARMV4I)
		{AF7A0032-1814-438E-854F-88CB558129B7}.Debug|Windows Mobile 6 Professional SDK (ARMV4I).Build.0 = Debug|Windows Mobile 6 Professional SDK (ARMV4I)
		{AF7A0032-1814-438E-854F-88CB558129B7}.Debug|Windows Mobile 6 Professional SDK (ARMV4I).Deploy.0 = Debug|Windows Mobile 6 Professional SDK (ARMV4I)
		{AF7A0032-1814-438E-854F-88CB558129B7}.Debug|Windows Mobile 6.5.3 Professional DTK (ARMV4I).ActiveCfg = Debug|Windows Mobile 6.5.3 Professional DTK (ARMV4I)
		{AF7A0032-1814-438E-854F-88CB558129B7}.Debug|Windows Mobile 6.5.3 Professional DTK (ARMV4I).Build.0 = Debug|Windows Mobile 6.5.3 Professional DTK (ARMV4I)
		{AF7A0032-1814-438E-854F-88CB558129B7}.Debug|Windows Mobile 6.5.3 Professional DTK (ARMV4I).Deploy.0 = Debug|Windows Mobile 6.5.3 Professional DTK (ARMV4I)
		{AF7A0032-1814-438E-854F-88CB558129B7}.Release|Honeywell D6X00 (ARMV4I).ActiveCfg = Release|Honeywell D6X00 (ARMV4I)
		{AF7A0032-1814-438E-854F-88CB558129B7}.Release|Honeywell D6X00 (ARMV4I).Build.0 = Release|Honeywell D6X00 (ARMV4I)
		{AF7A0032-1814-438E-854F-88CB558129B7}.Release|Honeywell D6X00 (ARMV4I).Deploy.0 = Release|Honeywell D6X00 (ARMV4I)
		{AF7A0032-1814-438E-854F-88CB558129B7}.Release|Motorola MC3100c60 Windows CE6.0 PSDK (ARMV4I).ActiveCfg = Release|Motorola MC3100c60 Windows CE6.0 PSDK (ARMV4I)
		{AF7A0032-1814-438E-854F-88CB558129B7}.Release|Motorola MC3100c60 Windows CE6.0 PSDK (ARMV4I).Build.0 = Release|Motorola MC3100c60 Windows CE6.0 PSDK (ARMV4I)
		{AF7A0032-1814-438E-854F-88CB558129B7}.Release|Motorola MC3100c60 Windows CE6.0 PSDK (ARMV4I).Deploy.0 = Release|Motorola MC3100c60 Windows CE6.0 PSDK (ARMV4I)
		{AF7A0032-1814-438E-854F-88CB558129B7}.Release|MX9 (ARMV4I).ActiveCfg = Release|MX9 (ARMV4I)
		{AF7A0032-1814-438E-854F-88CB558129B7}.Release|MX9 (ARMV4I).Build.0 = Release|MX9 (ARMV4I)
		{AF7A0032-1814-438E-854F-88CB558129B7}.Release|MX9 (ARMV4I).Deploy.0 = Release|MX9 (ARMV4I)
		{AF7A0032-1814-438E-854F-88CB558129B7}.Release|Pocket PC 2003 (ARMV4).ActiveCfg = Release|Windows Mobile 5.0 Smartphone SDK (ARMV4I)
		{AF7A0032-1814-438E-854F-88CB558129B7}.Release|SDK for D6x10CE (ARMV4I).ActiveCfg = Release|SDK for D6x10CE (ARMV4I)
		{AF7A0032-1814-438E-854F-88CB558129B7}.Release|SDK for D6x10CE (ARMV4I).Build.0 = Release|SDK for D6x10CE (ARMV4I)
		{AF7A0032-1814-438E-854F-88CB558129B7}.Release|SDK for D6x10CE (ARMV4I).Deploy.0 = Release|SDK for D6x10CE (ARMV4I)
		{AF7A0032-1814-438E-854F-88CB558129B7}.Release|Smartphone 2003 (ARMV4).ActiveCfg = Release|SDK for D6x10CE (ARMV4I)
		{AF7A0032-1814-438E-854F-88CB558129B7}.Release|STANDARDSDK_500 (ARMV4I).ActiveCfg = Release|STANDARDSDK_500 (ARMV4I)
		{AF7A0032-1814-438E-854F-88CB558129B7}.Release|STANDARDSDK_500 (ARMV4I).Build.0 = Release|STANDARDSDK_500 (ARMV4I)
		{AF7A0032-1814-438E-854F-88CB558129B7}.Release|STANDARDSDK_500 (ARMV4I).Deploy.0 = Release|STANDARDSDK_500 (ARMV4I)
		{AF7A0032-1814-438E-854F-88CB558129B7}.Release|Windows Mobile 5.0 Pocket PC SDK (ARMV4I).ActiveCfg = Release|Windows Mobile 5.0 Pocket PC SDK (ARMV4I)
		{AF7A0032-1814-438E-854F-88CB558129B7}.Release|Windows Mobile 5.0 Pocket PC SDK (ARMV4I).Build.0 = Release|Windows Mobile 5.0 Pocket PC SDK (ARMV4I)
		{AF7A0032-1814-438E-854F-88CB558129B7}.Release|Windows Mobile 5.0 Pocket PC SDK (ARMV4I).Deploy.0 = Release|Windows Mobile 5.0 Pocket PC SDK (ARMV4I)
		{AF7A0032-1814-438E-854F-88CB558129B7}.Release|Windows Mobile 5.0 Smartphone SDK (ARMV4I).ActiveCfg = Release|Windows Mobile 5.0 Smartphone SDK (ARMV4I)
		{AF7A0032-1814-438E-854F-88CB558129B7}.Release|Windows Mobile 5.0 Smartphone SDK (ARMV4I).Build.0 = Release|Windows Mobile 5.0 Smartphone SDK (ARMV4I)
		{AF7A0032-1814-438E-854F-88CB558129B7}.Release|Windows Mobile 5.0 Smartphone SDK (ARMV4I).Deploy.0 = Release|Windows Mobile 5.0 Smartphone SDK (ARMV4I)
		{AF7A0032-1814-438E-854F-88CB558129B7}.Release|Windows Mobile 6 Professional SDK (ARMV4I).ActiveCfg = Release|Windows Mobile 6 Professional SDK (ARMV4I)
		{AF7A0032-1814-438E-854F-88CB558129B7}.Release|Windows Mobile 6 Professional SDK (ARMV4I).Build.0 = Release|Windows Mobile 6 Professional SDK (ARMV4I)
		{AF7A0032-1814-438E-854F-88CB558129B7}.Release|Windows Mobile 6 Professional SDK (ARMV4I).Deploy.0 = Release|Windows Mobile 6 Professional SDK (ARMV4I)
		{AF7A0032-1814-438E-854F-88CB558129B7}.Release|Windows Mobile 6.5.3 Professional DTK (ARMV4I).ActiveCfg = Release|Windows Mobile 6.5.3 Professional DTK (ARMV4I)
		{AF7A0032-1814-438E-854F-88CB558129B7}.Release|Windows Mobile 6.5.3 Professional DTK (ARMV4I).Build.0 = Release|Windows Mobile 6.5.3 Professional DTK (ARMV4I)
		{AF7A0032-1814-438E-854F-88CB558129B7}.Release|Windows Mobile 6.5.3 Professional DTK (ARMV4I).Deploy.0 = Release|Windows Mobile 6.5.3 Professional DTK (ARMV4I)
	EndGlobalSection
	GlobalSection(SolutionProperties) = preSolution
		HideSolutionNode = FALSE
	EndGlobalSection
EndGlobal
